
Microsoft Visual Studio Solution File, Format Version 12.00
# Visual Studio Version 17
VisualStudioVersion = 17.11.35303.130
MinimumVisualStudioVersion = 10.0.40219.1
Project("{FAE04EC0-301F-11D3-BF4B-00C04F79EFBC}") = "Assignment1n01714049", "Assignment1n01714049\Assignment1n01714049.csproj", "{8D921E8B-46F6-4F34-91F2-DF227A1BB18F}"
EndProject
Global
	GlobalSection(SolutionConfigurationPlatforms) = preSolution
		Debug|Any CPU = Debug|Any CPU
		Release|Any CPU = Release|Any CPU
	EndGlobalSection
	GlobalSection(ProjectConfigurationPlatforms) = postSolution
		{8D921E8B-46F6-4F34-91F2-DF227A1BB18F}.Debug|Any CPU.ActiveCfg = Debug|Any CPU
		{8D921E8B-46F6-4F34-91F2-DF227A1BB18F}.Debug|Any CPU.Build.0 = Debug|Any CPU
		{8D921E8B-46F6-4F34-91F2-DF227A1BB18F}.Release|Any CPU.ActiveCfg = Release|Any CPU
		{8D921E8B-46F6-4F34-91F2-DF227A1BB18F}.Release|Any CPU.Build.0 = Release|Any CPU
	EndGlobalSection
	GlobalSection(SolutionProperties) = preSolution
		HideSolutionNode = FALSE
	EndGlobalSection
	GlobalSection(ExtensibilityGlobals) = postSolution
		SolutionGuid = {FE7F98A4-9D0A-4B01-962E-3826DFBDF978}
	EndGlobalSection
EndGlobal
